<?xml version="1.0" encoding="UTF-8"?>
<Scheme
   LastUpgradeVersion = "1020"
   version = "1.7">
   <BuildAction
      parallelizeBuildables = "YES"
      buildImplicitDependencies = "YES">
      <BuildActionEntries>
         <BuildActionEntry
            buildForTesting = "YES"
            buildForRunning = "YES"
            buildForProfiling = "YES"
            buildForArchiving = "YES"
            buildForAnalyzing = "YES">
            <BuildableReference
               BuildableIdentifier = "primary"
               BlueprintIdentifier = "48FE4C972278D83D00881D72"
               BuildableName = "pizza-delivery.app"
               BlueprintName = "pizza-delivery"
               ReferencedContainer = "container:pizza-delivery.xcodeproj">
            </BuildableReference>
         </BuildActionEntry>
      </BuildActionEntries>
   </BuildAction>
   <TestAction
      buildConfiguration = "Debug"
      selectedDebuggerIdentifier = "Xcode.DebuggerFoundation.Debugger.LLDB"
      selectedLauncherIdentifier = "Xcode.DebuggerFoundation.Launcher.LLDB"
      codeCoverageEnabled = "YES"
      onlyGenerateCoverageForSpecifiedTargets = "YES"
      shouldUseLaunchSchemeArgsEnv = "YES">
      <CodeCoverageTargets>
         <BuildableReference
            BuildableIdentifier = "primary"
            BlueprintIdentifier = "48FE4C972278D83D00881D72"
            BuildableName = "pizza-delivery.app"
            BlueprintName = "pizza-delivery"
            ReferencedContainer = "container:pizza-delivery.xcodeproj">
         </BuildableReference>
      </CodeCoverageTargets>
      <Testables>
         <TestableReference
            skipped = "NO">
            <BuildableReference
               BuildableIdentifier = "primary"
               BlueprintIdentifier = "4806372D2278DBC800E006E5"
               BuildableName = "pizza-delivery-UI-tests.xctest"
               BlueprintName = "pizza-delivery-UI-tests"
               ReferencedContainer = "container:pizza-delivery.xcodeproj">
            </BuildableReference>
         </TestableReference>
         <TestableReference
            skipped = "NO">
            <BuildableReference
               BuildableIdentifier = "primary"
               BlueprintIdentifier = "4806373B2278DC1300E006E5"
               BuildableName = "pizza-delivery-unit-tests.xctest"
               BlueprintName = "pizza-delivery-unit-tests"
               ReferencedContainer = "container:pizza-delivery.xcodeproj">
            </BuildableReference>
            <LocationScenarioReference
               identifier = "com.apple.dt.IDEFoundation.CurrentLocationScenarioIdentifier"
               referenceType = "1">
            </LocationScenarioReference>
         </TestableReference>
      </Testables>
      <MacroExpansion>
         <BuildableReference
            BuildableIdentifier = "primary"
            BlueprintIdentifier = "48FE4C972278D83D00881D72"
            BuildableName = "pizza-delivery.app"
            BlueprintName = "pizza-delivery"
            ReferencedContainer = "container:pizza-delivery.xcodeproj">
         </BuildableReference>
      </MacroExpansion>
      <AdditionalOptions>
      </AdditionalOptions>
   </TestAction>
   <LaunchAction
      buildConfiguration = "Debug"
      selectedDebuggerIdentifier = "Xcode.DebuggerFoundation.Debugger.LLDB"
      selectedLauncherIdentifier = "Xcode.DebuggerFoundation.Launcher.LLDB"
      launchStyle = "0"
      useCustomWorkingDirectory = "NO"
      ignoresPersistentStateOnLaunch = "NO"
      debugDocumentVersioning = "YES"
      debugServiceExtension = "internal"
      allowLocationSimulation = "YES">
      <BuildableProductRunnable
         runnableDebuggingMode = "0">
         <BuildableReference
            BuildableIdentifier = "primary"
            BlueprintIdentifier = "48FE4C972278D83D00881D72"
            BuildableName = "pizza-delivery.app"
            BlueprintName = "pizza-delivery"
            ReferencedContainer = "container:pizza-delivery.xcodeproj">
         </BuildableReference>
      </BuildableProductRunnable>
      <AdditionalOptions>
      </AdditionalOptions>
   </LaunchAction>
   <ProfileAction
      buildConfiguration = "Release"
      shouldUseLaunchSchemeArgsEnv = "YES"
      savedToolIdentifier = ""
      useCustomWorkingDirectory = "NO"
      debugDocumentVersioning = "YES">
      <BuildableProductRunnable
         runnableDebuggingMode = "0">
         <BuildableReference
            BuildableIdentifier = "primary"
            BlueprintIdentifier = "48FE4C972278D83D00881D72"
            BuildableName = "pizza-delivery.app"
            BlueprintName = "pizza-delivery"
            ReferencedContainer = "container:pizza-delivery.xcodeproj">
         </BuildableReference>
      </BuildableProductRunnable>
   </ProfileAction>
   <AnalyzeAction
      buildConfiguration = "Debug">
   </AnalyzeAction>
   <ArchiveAction
      buildConfiguration = "Release"
      revealArchiveInOrganizer = "YES">
   </ArchiveAction>
</Scheme>
